// !$*UTF8*$!
{
	archiveVersion = 1;
	classes = {
	};
	objectVersion = 46;
	objects = {

/* Begin PBXBuildFile section */
		9CE942BA18F9EB6900E51DCB /* Foundation.framework in Frameworks */ = {isa = PBXBuildFile; fileRef = 9CE942B918F9EB6900E51DCB /* Foundation.framework */; };
		9CE942BC18F9EB6900E51DCB /* CoreGraphics.framework in Frameworks */ = {isa = PBXBuildFile; fileRef = 9CE942BB18F9EB6900E51DCB /* CoreGraphics.framework */; };
		9CE942BE18F9EB6900E51DCB /* UIKit.framework in Frameworks */ = {isa = PBXBuildFile; fileRef = 9CE942BD18F9EB6900E51DCB /* UIKit.framework */; };
		9CE942C418F9EB6900E51DCB /* InfoPlist.strings in Resources */ = {isa = PBXBuildFile; fileRef = 9CE942C218F9EB6900E51DCB /* InfoPlist.strings */; };
		9CE942C618F9EB6900E51DCB /* main.m in Sources */ = {isa = PBXBuildFile; fileRef = 9CE942C518F9EB6900E51DCB /* main.m */; };
		9CE942CA18F9EB6900E51DCB /* NTRAppDelegate.m in Sources */ = {isa = PBXBuildFile; fileRef = 9CE942C918F9EB6900E51DCB /* NTRAppDelegate.m */; };
		9CE942CD18F9EB6900E51DCB /* Main.storyboard in Resources */ = {isa = PBXBuildFile; fileRef = 9CE942CB18F9EB6900E51DCB /* Main.storyboard */; };
		9CE942D018F9EB6900E51DCB /* NTRMainViewController.m in Sources */ = {isa = PBXBuildFile; fileRef = 9CE942CF18F9EB6900E51DCB /* NTRMainViewController.m */; };
		9CE942D218F9EB6900E51DCB /* Images.xcassets in Resources */ = {isa = PBXBuildFile; fileRef = 9CE942D118F9EB6900E51DCB /* Images.xcassets */; };
		9CE942D918F9EB6A00E51DCB /* XCTest.framework in Frameworks */ = {isa = PBXBuildFile; fileRef = 9CE942D818F9EB6A00E51DCB /* XCTest.framework */; };
		9CE942DA18F9EB6A00E51DCB /* Foundation.framework in Frameworks */ = {isa = PBXBuildFile; fileRef = 9CE942B918F9EB6900E51DCB /* Foundation.framework */; };
		9CE942DB18F9EB6A00E51DCB /* UIKit.framework in Frameworks */ = {isa = PBXBuildFile; fileRef = 9CE942BD18F9EB6900E51DCB /* UIKit.framework */; };
		9CE942E318F9EB6A00E51DCB /* InfoPlist.strings in Resources */ = {isa = PBXBuildFile; fileRef = 9CE942E118F9EB6A00E51DCB /* InfoPlist.strings */; };
		9CE942E518F9EB6A00E51DCB /* UnwindDemoTests.m in Sources */ = {isa = PBXBuildFile; fileRef = 9CE942E418F9EB6A00E51DCB /* UnwindDemoTests.m */; };
		9CE942F118F9EDC200E51DCB /* NTRModalTableViewController.m in Sources */ = {isa = PBXBuildFile; fileRef = 9CE942F018F9EDC200E51DCB /* NTRModalTableViewController.m */; };
/* End PBXBuildFile section */

/* Begin PBXContainerItemProxy section */
		9CE942DC18F9EB6A00E51DCB /* PBXContainerItemProxy */ = {
			isa = PBXContainerItemProxy;
			containerPortal = 9CE942AE18F9EB6900E51DCB /* Project object */;
			proxyType = 1;
			remoteGlobalIDString = 9CE942B518F9EB6900E51DCB;
			remoteInfo = UnwindDemo;
		};
/* End PBXContainerItemProxy section */

/* Begin PBXFileReference section */
		9CE942B618F9EB6900E51DCB /* UnwindDemo.app */ = {isa = PBXFileReference; explicitFileType = wrapper.application; includeInIndex = 0; path = UnwindDemo.app; sourceTree = BUILT_PRODUCTS_DIR; };
		9CE942B918F9EB6900E51DCB /* Foundation.framework */ = {isa = PBXFileReference; lastKnownFileType = wrapper.framework; name = Foundation.framework; path = System/Library/Frameworks/Foundation.framework; sourceTree = SDKROOT; };
		9CE942BB18F9EB6900E51DCB /* CoreGraphics.framework */ = {isa = PBXFileReference; lastKnownFileType = wrapper.framework; name = CoreGraphics.framework; path = System/Library/Frameworks/CoreGraphics.framework; sourceTree = SDKROOT; };
		9CE942BD18F9EB6900E51DCB /* UIKit.framework */ = {isa = PBXFileReference; lastKnownFileType = wrapper.framework; name = UIKit.framework; path = System/Library/Frameworks/UIKit.framework; sourceTree = SDKROOT; };
		9CE942C118F9EB6900E51DCB /* UnwindDemo-Info.plist */ = {isa = PBXFileReference; lastKnownFileType = text.plist.xml; path = "UnwindDemo-Info.plist"; sourceTree = "<group>"; };
		9CE942C318F9EB6900E51DCB /* en */ = {isa = PBXFileReference; lastKnownFileType = text.plist.strings; name = en; path = en.lproj/InfoPlist.strings; sourceTree = "<group>"; };
		9CE942C518F9EB6900E51DCB /* main.m */ = {isa = PBXFileReference; lastKnownFileType = sourcecode.c.objc; path = main.m; sourceTree = "<group>"; };
		9CE942C718F9EB6900E51DCB /* UnwindDemo-Prefix.pch */ = {isa = PBXFileReference; lastKnownFileType = sourcecode.c.h; path = "UnwindDemo-Prefix.pch"; sourceTree = "<group>"; };
		9CE942C818F9EB6900E51DCB /* NTRAppDelegate.h */ = {isa = PBXFileReference; lastKnownFileType = sourcecode.c.h; path = NTRAppDelegate.h; sourceTree = "<group>"; };
		9CE942C918F9EB6900E51DCB /* NTRAppDelegate.m */ = {isa = PBXFileReference; lastKnownFileType = sourcecode.c.objc; path = NTRAppDelegate.m; sourceTree = "<group>"; };
		9CE942CC18F9EB6900E51DCB /* Base */ = {isa = PBXFileReference; lastKnownFileType = file.storyboard; name = Base; path = Base.lproj/Main.storyboard; sourceTree = "<group>"; };
		9CE942CE18F9EB6900E51DCB /* NTRMainViewController.h */ = {isa = PBXFileReference; lastKnownFileType = sourcecode.c.h; path = NTRMainViewController.h; sourceTree = "<group>"; };
		9CE942CF18F9EB6900E51DCB /* NTRMainViewController.m */ = {isa = PBXFileReference; lastKnownFileType = sourcecode.c.objc; path = NTRMainViewController.m; sourceTree = "<group>"; };
		9CE942D118F9EB6900E51DCB /* Images.xcassets */ = {isa = PBXFileReference; lastKnownFileType = folder.assetcatalog; path = Images.xcassets; sourceTree = "<group>"; };
		9CE942D718F9EB6A00E51DCB /* UnwindDemoTests.xctest */ = {isa = PBXFileReference; explicitFileType = wrapper.cfbundle; includeInIndex = 0; path = UnwindDemoTests.xctest; sourceTree = BUILT_PRODUCTS_DIR; };
		9CE942D818F9EB6A00E51DCB /* XCTest.framework */ = {isa = PBXFileReference; lastKnownFileType = wrapper.framework; name = XCTest.framework; path = Library/Frameworks/XCTest.framework; sourceTree = DEVELOPER_DIR; };
		9CE942E018F9EB6A00E51DCB /* UnwindDemoTests-Info.plist */ = {isa = PBXFileReference; lastKnownFileType = text.plist.xml; path = "UnwindDemoTests-Info.plist"; sourceTree = "<group>"; };
		9CE942E218F9EB6A00E51DCB /* en */ = {isa = PBXFileReference; lastKnownFileType = text.plist.strings; name = en; path = en.lproj/InfoPlist.strings; sourceTree = "<group>"; };
		9CE942E418F9EB6A00E51DCB /* UnwindDemoTests.m */ = {isa = PBXFileReference; lastKnownFileType = sourcecode.c.objc; path = UnwindDemoTests.m; sourceTree = "<group>"; };
		9CE942EF18F9EDC200E51DCB /* NTRModalTableViewController.h */ = {isa = PBXFileReference; fileEncoding = 4; lastKnownFileType = sourcecode.c.h; path = NTRModalTableViewController.h; sourceTree = "<group>"; };
		9CE942F018F9EDC200E51DCB /* NTRModalTableViewController.m */ = {isa = PBXFileReference; fileEncoding = 4; lastKnownFileType = sourcecode.c.objc; path = NTRModalTableViewController.m; sourceTree = "<group>"; };
/* End PBXFileReference section */

/* Begin PBXFrameworksBuildPhase section */
		9CE942B318F9EB6900E51DCB /* Frameworks */ = {
			isa = PBXFrameworksBuildPhase;
			buildActionMask = 2147483647;
			files = (
				9CE942BC18F9EB6900E51DCB /* CoreGraphics.framework in Frameworks */,
				9CE942BE18F9EB6900E51DCB /* UIKit.framework in Frameworks */,
				9CE942BA18F9EB6900E51DCB /* Foundation.framework in Frameworks */,
			);
			runOnlyForDeploymentPostprocessing = 0;
		};
		9CE942D418F9EB6A00E51DCB /* Frameworks */ = {
			isa = PBXFrameworksBuildPhase;
			buildActionMask = 2147483647;
			files = (
				9CE942D918F9EB6A00E51DCB /* XCTest.framework in Frameworks */,
				9CE942DB18F9EB6A00E51DCB /* UIKit.framework in Frameworks */,
				9CE942DA18F9EB6A00E51DCB /* Foundation.framework in Frameworks */,
			);
			runOnlyForDeploymentPostprocessing = 0;
		};
/* End PBXFrameworksBuildPhase section */

/* Begin PBXGroup section */
		9CE942AD18F9EB6900E51DCB = {
			isa = PBXGroup;
			children = (
				9CE942BF18F9EB6900E51DCB /* UnwindDemo */,
				9CE942DE18F9EB6A00E51DCB /* UnwindDemoTests */,
				9CE942B818F9EB6900E51DCB /* Frameworks */,
				9CE942B718F9EB6900E51DCB /* Products */,
			);
			sourceTree = "<group>";
		};
		9CE942B718F9EB6900E51DCB /* Products */ = {
			isa = PBXGroup;
			children = (
				9CE942B618F9EB6900E51DCB /* UnwindDemo.app */,
				9CE942D718F9EB6A00E51DCB /* UnwindDemoTests.xctest */,
			);
			name = Products;
			sourceTree = "<group>";
		};
		9CE942B818F9EB6900E51DCB /* Frameworks */ = {
			isa = PBXGroup;
			children = (
				9CE942B918F9EB6900E51DCB /* Foundation.framework */,
				9CE942BB18F9EB6900E51DCB /* CoreGraphics.framework */,
				9CE942BD18F9EB6900E51DCB /* UIKit.framework */,
				9CE942D818F9EB6A00E51DCB /* XCTest.framework */,
			);
			name = Frameworks;
			sourceTree = "<group>";
		};
		9CE942BF18F9EB6900E51DCB /* UnwindDemo */ = {
			isa = PBXGroup;
			children = (
				9CE942C818F9EB6900E51DCB /* NTRAppDelegate.h */,
				9CE942C918F9EB6900E51DCB /* NTRAppDelegate.m */,
				9CE942CB18F9EB6900E51DCB /* Main.storyboard */,
				9CE942EE18F9EDB400E51DCB /* ViewControllers */,
				9CE942D118F9EB6900E51DCB /* Images.xcassets */,
				9CE942C018F9EB6900E51DCB /* Supporting Files */,
			);
			path = UnwindDemo;
			sourceTree = "<group>";
		};
		9CE942C018F9EB6900E51DCB /* Supporting Files */ = {
			isa = PBXGroup;
			children = (
				9CE942C118F9EB6900E51DCB /* UnwindDemo-Info.plist */,
				9CE942C218F9EB6900E51DCB /* InfoPlist.strings */,
				9CE942C518F9EB6900E51DCB /* main.m */,
				9CE942C718F9EB6900E51DCB /* UnwindDemo-Prefix.pch */,
			);
			name = "Supporting Files";
			sourceTree = "<group>";
		};
		9CE942DE18F9EB6A00E51DCB /* UnwindDemoTests */ = {
			isa = PBXGroup;
			children = (
				9CE942E418F9EB6A00E51DCB /* UnwindDemoTests.m */,
				9CE942DF18F9EB6A00E51DCB /* Supporting Files */,
			);
			path = UnwindDemoTests;
			sourceTree = "<group>";
		};
		9CE942DF18F9EB6A00E51DCB /* Supporting Files */ = {
			isa = PBXGroup;
			children = (
				9CE942E018F9EB6A00E51DCB /* UnwindDemoTests-Info.plist */,
				9CE942E118F9EB6A00E51DCB /* InfoPlist.strings */,
			);
			name = "Supporting Files";
			sourceTree = "<group>";
		};
		9CE942EE18F9EDB400E51DCB /* ViewControllers */ = {
			isa = PBXGroup;
			children = (
				9CE942CE18F9EB6900E51DCB /* NTRMainViewController.h */,
				9CE942CF18F9EB6900E51DCB /* NTRMainViewController.m */,
				9CE942EF18F9EDC200E51DCB /* NTRModalTableViewController.h */,
				9CE942F018F9EDC200E51DCB /* NTRModalTableViewController.m */,
			);
			name = ViewControllers;
			sourceTree = "<group>";
		};
/* End PBXGroup section */

/* Begin PBXNativeTarget section */
		9CE942B518F9EB6900E51DCB /* UnwindDemo */ = {
			isa = PBXNativeTarget;
			buildConfigurationList = 9CE942E818F9EB6A00E51DCB /* Build configuration list for PBXNativeTarget "UnwindDemo" */;
			buildPhases = (
				9CE942B218F9EB6900E51DCB /* Sources */,
				9CE942B318F9EB6900E51DCB /* Frameworks */,
				9CE942B418F9EB6900E51DCB /* Resources */,
			);
			buildRules = (
			);
			dependencies = (
			);
			name = UnwindDemo;
			productName = UnwindDemo;
			productReference = 9CE942B618F9EB6900E51DCB /* UnwindDemo.app */;
			productType = "com.apple.product-type.application";
		};
		9CE942D618F9EB6A00E51DCB /* UnwindDemoTests */ = {
			isa = PBXNativeTarget;
			buildConfigurationList = 9CE942EB18F9EB6A00E51DCB /* Build configuration list for PBXNativeTarget "UnwindDemoTests" */;
			buildPhases = (
				9CE942D318F9EB6A00E51DCB /* Sources */,
				9CE942D418F9EB6A00E51DCB /* Frameworks */,
				9CE942D518F9EB6A00E51DCB /* Resources */,
			);
			buildRules = (
			);
			dependencies = (
				9CE942DD18F9EB6A00E51DCB /* PBXTargetDependency */,
			);
			name = UnwindDemoTests;
			productName = UnwindDemoTests;
			productReference = 9CE942D718F9EB6A00E51DCB /* UnwindDemoTests.xctest */;
			productType = "com.apple.product-type.bundle.unit-test";
		};
/* End PBXNativeTarget section */

/* Begin PBXProject section */
		9CE942AE18F9EB6900E51DCB /* Project object */ = {
			isa = PBXProject;
			attributes = {
				CLASSPREFIX = NTR;
				LastUpgradeCheck = 0510;
				ORGANIZATIONNAME = NatashaTheRobot;
				TargetAttributes = {
					9CE942D618F9EB6A00E51DCB = {
						TestTargetID = 9CE942B518F9EB6900E51DCB;
					};
				};
			};
			buildConfigurationList = 9CE942B118F9EB6900E51DCB /* Build configuration list for PBXProject "UnwindDemo" */;
			compatibilityVersion = "Xcode 3.2";
			developmentRegion = English;
			hasScannedForEncodings = 0;
			knownRegions = (
				en,
				Base,
			);
			mainGroup = 9CE942AD18F9EB6900E51DCB;
			productRefGroup = 9CE942B718F9EB6900E51DCB /* Products */;
			projectDirPath = "";
			projectRoot = "";
			targets = (
				9CE942B518F9EB6900E51DCB /* UnwindDemo */,
				9CE942D618F9EB6A00E51DCB /* UnwindDemoTests */,
			);
		};
/* End PBXProject section */

/* Begin PBXResourcesBuildPhase section */
		9CE942B418F9EB6900E51DCB /* Resources */ = {
			isa = PBXResourcesBuildPhase;
			buildActionMask = 2147483647;
			files = (
				9CE942D218F9EB6900E51DCB /* Images.xcassets in Resources */,
				9CE942C418F9EB6900E51DCB /* InfoPlist.strings in Resources */,
				9CE942CD18F9EB6900E51DCB /* Main.storyboard in Resources */,
			);
			runOnlyForDeploymentPostprocessing = 0;
		};
		9CE942D518F9EB6A00E51DCB /* Resources */ = {
			isa = PBXResourcesBuildPhase;
			buildActionMask = 2147483647;
			files = (
				9CE942E318F9EB6A00E51DCB /* InfoPlist.strings in Resources */,
			);
			runOnlyForDeploymentPostprocessing = 0;
		};
/* End PBXResourcesBuildPhase section */

/* Begin PBXSourcesBuildPhase section */
		9CE942B218F9EB6900E51DCB /* Sources */ = {
			isa = PBXSourcesBuildPhase;
			buildActionMask = 2147483647;
			files = (
				9CE942F118F9EDC200E51DCB /* NTRModalTableViewController.m in Sources */,
				9CE942C618F9EB6900E51DCB /* main.m in Sources */,
				9CE942CA18F9EB6900E51DCB /* NTRAppDelegate.m in Sources */,
				9CE942D018F9EB6900E51DCB /* NTRMainViewController.m in Sources */,
			);
			runOnlyForDeploymentPostprocessing = 0;
		};
		9CE942D318F9EB6A00E51DCB /* Sources */ = {
			isa = PBXSourcesBuildPhase;
			buildActionMask = 2147483647;
			files = (
				9CE942E518F9EB6A00E51DCB /* UnwindDemoTests.m in Sources */,
			);
			runOnlyForDeploymentPostprocessing = 0;
		};
/* End PBXSourcesBuildPhase section */

/* Begin PBXTargetDependency section */
		9CE942DD18F9EB6A00E51DCB /* PBXTargetDependency */ = {
			isa = PBXTargetDependency;
			target = 9CE942B518F9EB6900E51DCB /* UnwindDemo */;
			targetProxy = 9CE942DC18F9EB6A00E51DCB /* PBXContainerItemProxy */;
		};
/* End PBXTargetDependency section */

/* Begin PBXVariantGroup section */
		9CE942C218F9EB6900E51DCB /* InfoPlist.strings */ = {
			isa = PBXVariantGroup;
			children = (
				9CE942C318F9EB6900E51DCB /* en */,
			);
			name = InfoPlist.strings;
			sourceTree = "<group>";
		};
		9CE942CB18F9EB6900E51DCB /* Main.storyboard */ = {
			isa = PBXVariantGroup;
			children = (
				9CE942CC18F9EB6900E51DCB /* Base */,
			);
			name = Main.storyboard;
			sourceTree = "<group>";
		};
		9CE942E118F9EB6A00E51DCB /* InfoPlist.strings */ = {
			isa = PBXVariantGroup;
			children = (
				9CE942E218F9EB6A00E51DCB /* en */,
			);
			name = InfoPlist.strings;
			sourceTree = "<group>";
		};
/* End PBXVariantGroup section */

/* Begin XCBuildConfiguration section */
		9CE942E618F9EB6A00E51DCB /* Debug */ = {
			isa = XCBuildConfiguration;
			buildSettings = {
				ALWAYS_SEARCH_USER_PATHS = NO;
				CLANG_CXX_LANGUAGE_STANDARD = "gnu++0x";
				CLANG_CXX_LIBRARY = "libc++";
				CLANG_ENABLE_MODULES = YES;
				CLANG_ENABLE_OBJC_ARC = YES;
				CLANG_WARN_BOOL_CONVERSION = YES;
				CLANG_WARN_CONSTANT_CONVERSION = YES;
				CLANG_WARN_DIRECT_OBJC_ISA_USAGE = YES_ERROR;
				CLANG_WARN_EMPTY_BODY = YES;
				CLANG_WARN_ENUM_CONVERSION = YES;
				CLANG_WARN_INT_CONVERSION = YES;
				CLANG_WARN_OBJC_ROOT_CLASS = YES_ERROR;
				CLANG_WARN__DUPLICATE_METHOD_MATCH = YES;
				"CODE_SIGN_IDENTITY[sdk=iphoneos*]" = "iPhone Developer";
				COPY_PHASE_STRIP = NO;
				GCC_C_LANGUAGE_STANDARD = gnu99;
				GCC_DYNAMIC_NO_PIC = NO;
				GCC_OPTIMIZATION_LEVEL = 0;
				GCC_PREPROCESSOR_DEFINITIONS = (
					"DEBUG=1",
					"$(inherited)",
				);
				GCC_SYMBOLS_PRIVATE_EXTERN = NO;
				GCC_WARN_64_TO_32_BIT_CONVERSION = YES;
				GCC_WARN_ABOUT_RETURN_TYPE = YES_ERROR;
				GCC_WARN_UNDECLARED_SELECTOR = YES;
				GCC_WARN_UNINITIALIZED_AUTOS = YES_AGGRESSIVE;
				GCC_WARN_UNUSED_FUNCTION = YES;
				GCC_WARN_UNUSED_VARIABLE = YES;
				IPHONEOS_DEPLOYMENT_TARGET = 7.1;
				ONLY_ACTIVE_ARCH = YES;
				SDKROOT = iphoneos;
			};
			name = Debug;
		};
		9CE942E718F9EB6A00E51DCB /* Release */ = {
			isa = XCBuildConfiguration;
			buildSettings = {
				ALWAYS_SEARCH_USER_PATHS = NO;
				CLANG_CXX_LANGUAGE_STANDARD = "gnu++0x";
				CLANG_CXX_LIBRARY = "libc++";
				CLANG_ENABLE_MODULES = YES;
				CLANG_ENABLE_OBJC_ARC = YES;
				CLANG_WARN_BOOL_CONVERSION = YES;
				CLANG_WARN_CONSTANT_CONVERSION = YES;
				CLANG_WARN_DIRECT_OBJC_ISA_USAGE = YES_ERROR;
				CLANG_WARN_EMPTY_BODY = YES;
				CLANG_WARN_ENUM_CONVERSION = YES;
				CLANG_WARN_INT_CONVERSION = YES;
				CLANG_WARN_OBJC_ROOT_CLASS = YES_ERROR;
				CLANG_WARN__DUPLICATE_METHOD_MATCH = YES;
				"CODE_SIGN_IDENTITY[sdk=iphoneos*]" = "iPhone Developer";
				COPY_PHASE_STRIP = YES;
				ENABLE_NS_ASSERTIONS = NO;
				GCC_C_LANGUAGE_STANDARD = gnu99;
				GCC_WARN_64_TO_32_BIT_CONVERSION = YES;
				GCC_WARN_ABOUT_RETURN_TYPE = YES_ERROR;
				GCC_WARN_UNDECLARED_SELECTOR = YES;
				GCC_WARN_UNINITIALIZED_AUTOS = YES_AGGRESSIVE;
				GCC_WARN_UNUSED_FUNCTION = YES;
				GCC_WARN_UNUSED_VARIABLE = YES;
				IPHONEOS_DEPLOYMENT_TARGET = 7.1;
				SDKROOT = iphoneos;
				VALIDATE_PRODUCT = YES;
			};
			name = Release;
		};
		9CE942E918F9EB6A00E51DCB /* Debug */ = {
			isa = XCBuildConfiguration;
			buildSettings = {
				ASSETCATALOG_COMPILER_APPICON_NAME = AppIcon;
				ASSETCATALOG_COMPILER_LAUNCHIMAGE_NAME = LaunchImage;
				GCC_PRECOMPILE_PREFIX_HEADER = YES;
				GCC_PREFIX_HEADER = "UnwindDemo/UnwindDemo-Prefix.pch";
				INFOPLIST_FILE = "UnwindDemo/UnwindDemo-Info.plist";
				PRODUCT_NAME = "$(TARGET_NAME)";
				WRAPPER_EXTENSION = app;
			};
			name = Debug;
		};
		9CE942EA18F9EB6A00E51DCB /* Release */ = {
			isa = XCBuildConfiguration;
			buildSettings = {
				ASSETCATALOG_COMPILER_APPICON_NAME = AppIcon;
				ASSETCATALOG_COMPILER_LAUNCHIMAGE_NAME = LaunchImage;
				GCC_PRECOMPILE_PREFIX_HEADER = YES;
				GCC_PREFIX_HEADER = "UnwindDemo/UnwindDemo-Prefix.pch";
				INFOPLIST_FILE = "UnwindDemo/UnwindDemo-Info.plist";
				PRODUCT_NAME = "$(TARGET_NAME)";
				WRAPPER_EXTENSION = app;
			};
			name = Release;
		};
		9CE942EC18F9EB6A00E51DCB /* Debug */ = {
			isa = XCBuildConfiguration;
			buildSettings = {
				BUNDLE_LOADER = "$(BUILT_PRODUCTS_DIR)/UnwindDemo.app/UnwindDemo";
				FRAMEWORK_SEARCH_PATHS = (
					"$(SDKROOT)/Developer/Library/Frameworks",
					"$(inherited)",
					"$(DEVELOPER_FRAMEWORKS_DIR)",
				);
				GCC_PRECOMPILE_PREFIX_HEADER = YES;
				GCC_PREFIX_HEADER = "UnwindDemo/UnwindDemo-Prefix.pch";
				GCC_PREPROCESSOR_DEFINITIONS = (
					"DEBUG=1",
					"$(inherited)",
				);
				INFOPLIST_FILE = "UnwindDemoTests/UnwindDemoTests-Info.plist";
				PRODUCT_NAME = "$(TARGET_NAME)";
				TEST_HOST = "$(BUNDLE_LOADER)";
				WRAPPER_EXTENSION = xctest;
			};
			name = Debug;
		};
		9CE942ED18F9EB6A00E51DCB /* Release */ = {
			isa = XCBuildConfiguration;
			buildSettings = {
				BUNDLE_LOADER = "$(BUILT_PRODUCTS_DIR)/UnwindDemo.app/UnwindDemo";
				FRAMEWORK_SEARCH_PATHS = (
					"$(SDKROOT)/Developer/Library/Frameworks",
					"$(inherited)",
					"$(DEVELOPER_FRAMEWORKS_DIR)",
				);
				GCC_PRECOMPILE_PREFIX_HEADER = YES;
				GCC_PREFIX_HEADER = "UnwindDemo/UnwindDemo-Prefix.pch";
				INFOPLIST_FILE = "UnwindDemoTests/UnwindDemoTests-Info.plist";
				PRODUCT_NAME = "$(TARGET_NAME)";
				TEST_HOST = "$(BUNDLE_LOADER)";
				WRAPPER_EXTENSION = xctest;
			};
			name = Release;
		};
/* End XCBuildConfiguration section */

/* Begin XCConfigurationList section */
		9CE942B118F9EB6900E51DCB /* Build configuration list for PBXProject "UnwindDemo" */ = {
			isa = XCConfigurationList;
			buildConfigurations = (
				9CE942E618F9EB6A00E51DCB /* Debug */,
				9CE942E718F9EB6A00E51DCB /* Release */,
			);
			defaultConfigurationIsVisible = 0;
			defaultConfigurationName = Release;
		};
		9CE942E818F9EB6A00E51DCB /* Build configuration list for PBXNativeTarget "UnwindDemo" */ = {
			isa = XCConfigurationList;
			buildConfigurations = (
				9CE942E918F9EB6A00E51DCB /* Debug */,
				9CE942EA18F9EB6A00E51DCB /* Release */,
			);
			defaultConfigurationIsVisible = 0;
		};
		9CE942EB18F9EB6A00E51DCB /* Build configuration list for PBXNativeTarget "UnwindDemoTests" */ = {
			isa = XCConfigurationList;
			buildConfigurations = (
				9CE942EC18F9EB6A00E51DCB /* Debug */,
				9CE942ED18F9EB6A00E51DCB /* Release */,
			);
			defaultConfigurationIsVisible = 0;
		};
/* End XCConfigurationList section */
	};
	rootObject = 9CE942AE18F9EB6900E51DCB /* Project object */;
}
